
Microsoft Visual Studio Solution File, Format Version 12.00
# Visual Studio Version 17
VisualStudioVersion = 17.14.36212.18 d17.14
MinimumVisualStudioVersion = 10.0.40219.1
Project("{FAE04EC0-301F-11D3-BF4B-00C04F79EFBC}") = "AssignmentTwo", "AssignmentTwo\AssignmentTwo.csproj", "{669986E1-F839-496E-BB57-ABF6B33B4036}"
EndProject
Global
	GlobalSection(SolutionConfigurationPlatforms) = preSolution
		Debug|Any CPU = Debug|Any CPU
		Release|Any CPU = Release|Any CPU
	EndGlobalSection
	GlobalSection(ProjectConfigurationPlatforms) = postSolution
		{669986E1-F839-496E-BB57-ABF6B33B4036}.Debug|Any CPU.ActiveCfg = Debug|Any CPU
		{669986E1-F839-496E-BB57-ABF6B33B4036}.Debug|Any CPU.Build.0 = Debug|Any CPU
		{669986E1-F839-496E-BB57-ABF6B33B4036}.Release|Any CPU.ActiveCfg = Release|Any CPU
		{669986E1-F839-496E-BB57-ABF6B33B4036}.Release|Any CPU.Build.0 = Release|Any CPU
	EndGlobalSection
	GlobalSection(SolutionProperties) = preSolution
		HideSolutionNode = FALSE
	EndGlobalSection
	GlobalSection(ExtensibilityGlobals) = postSolution
		SolutionGuid = {6EFE7CDA-3508-40F0-8377-F5EA3152EF2E}
	EndGlobalSection
EndGlobal
